<?xml version="1.0" encoding="utf-8"?>
<Project ToolsVersion="4.0" xmlns="http://schemas.microsoft.com/developer/msbuild/2003">
  <ItemGroup>
    <Filter Include="Source Files">
      <UniqueIdentifier>{745cd3b0-c6ab-4187-82b6-cc7974c822af}</UniqueIdentifier>
      <Extensions>cpp;c;cxx;rc;def;r;odl;idl;hpj;bat</Extensions>
    </Filter>
    <Filter Include="Header Files">
      <UniqueIdentifier>{873ac26b-d131-461b-a292-ca1a94554cf3}</UniqueIdentifier>
      <Extensions>h;hpp;hxx;hm;inl</Extensions>
    </Filter>
  </ItemGroup>
  <ItemGroup>
    <ClCompile Include="..\Allocator.cpp">
      <Filter>Source Files</Filter>
    </ClCompile>
    <ClCompile Include="..\AllocatorManager.cpp">
      <Filter>Source Files</Filter>
    </ClCompile>
    <ClCompile Include="..\Ascii.cpp">
      <Filter>Source Files</Filter>
    </ClCompile>
    <ClCompile Include="..\Configurable.cpp">
      <Filter>Source Files</Filter>
    </ClCompile>
    <ClCompile Include="..\Core_Event.cpp">
      <Filter>Source Files</Filter>
    </ClCompile>
    <ClCompile Include="..\Core_Mutex.cpp">
      <Filter>Source Files</Filter>
    </ClCompile>
    <ClCompile Include="..\Core_Thread.cpp">
      <Filter>Source Files</Filter>
    </ClCompile>
    <ClCompile Include="..\Core_ThreadPool.cpp">
      <Filter>Source Files</Filter>
    </ClCompile>
    <ClCompile Include="..\Data.cpp">
      <Filter>Source Files</Filter>
    </ClCompile>
    <ClCompile Include="..\DatagramSocket.cpp">
      <Filter>Source Files</Filter>
    </ClCompile>
    <ClCompile Include="..\DatagramSocketImpl.cpp">
      <Filter>Source Files</Filter>
    </ClCompile>
    <ClCompile Include="..\DateTime.cpp">
      <Filter>Source Files</Filter>
    </ClCompile>
    <ClCompile Include="..\Exception.cpp">
      <Filter>Source Files</Filter>
    </ClCompile>
    <ClCompile Include="..\ExceptionBase.cpp">
      <Filter>Source Files</Filter>
    </ClCompile>
    <ClCompile Include="..\Inifile.cpp">
      <Filter>Source Files</Filter>
    </ClCompile>
    <ClCompile Include="..\LogConsoleChannel.cpp">
      <Filter>Source Files</Filter>
    </ClCompile>
    <ClCompile Include="..\Logger.cpp">
      <Filter>Source Files</Filter>
    </ClCompile>
    <ClCompile Include="..\NetEventHandler.cpp">
      <Filter>Source Files</Filter>
    </ClCompile>
    <ClCompile Include="..\ProtocolData.cpp">
      <Filter>Source Files</Filter>
    </ClCompile>
    <ClCompile Include="..\Random.cpp">
      <Filter>Source Files</Filter>
    </ClCompile>
    <ClCompile Include="..\Reactor.cpp">
      <Filter>Source Files</Filter>
    </ClCompile>
    <ClCompile Include="..\RefCountedObject.cpp">
      <Filter>Source Files</Filter>
    </ClCompile>
    <ClCompile Include="..\Runnable.cpp">
      <Filter>Source Files</Filter>
    </ClCompile>
    <ClCompile Include="..\Socket.cpp">
      <Filter>Source Files</Filter>
    </ClCompile>
    <ClCompile Include="..\SocketAddress.cpp">
      <Filter>Source Files</Filter>
    </ClCompile>
    <ClCompile Include="..\SocketImpl.cpp">
      <Filter>Source Files</Filter>
    </ClCompile>
    <ClCompile Include="..\SocketNotifier.cpp">
      <Filter>Source Files</Filter>
    </ClCompile>
    <ClCompile Include="..\SocketReactor.cpp">
      <Filter>Source Files</Filter>
    </ClCompile>
    <ClCompile Include="..\StreamSocket.cpp">
      <Filter>Source Files</Filter>
    </ClCompile>
    <ClCompile Include="..\StreamSocketImpl.cpp">
      <Filter>Source Files</Filter>
    </ClCompile>
    <ClCompile Include="..\StringTokenizer.cpp">
      <Filter>Source Files</Filter>
    </ClCompile>
    <ClCompile Include="..\TimeNotifier.cpp">
      <Filter>Source Files</Filter>
    </ClCompile>
    <ClCompile Include="..\TimeReactor.cpp">
      <Filter>Source Files</Filter>
    </ClCompile>
    <ClCompile Include="..\Timespan.cpp">
      <Filter>Source Files</Filter>
    </ClCompile>
    <ClCompile Include="..\Timestamp.cpp">
      <Filter>Source Files</Filter>
    </ClCompile>
    <ClCompile Include="..\tinystr.cpp">
      <Filter>Source Files</Filter>
    </ClCompile>
    <ClCompile Include="..\tinyxml.cpp">
      <Filter>Source Files</Filter>
    </ClCompile>
    <ClCompile Include="..\tinyxmlerror.cpp">
      <Filter>Source Files</Filter>
    </ClCompile>
    <ClCompile Include="..\tinyxmlparser.cpp">
      <Filter>Source Files</Filter>
    </ClCompile>
  </ItemGroup>
  <ItemGroup>
    <ClInclude Include="..\Allocator.h">
      <Filter>Header Files</Filter>
    </ClInclude>
    <ClInclude Include="..\AllocatorManager.h">
      <Filter>Header Files</Filter>
    </ClInclude>
    <ClInclude Include="..\Ascii.h">
      <Filter>Header Files</Filter>
    </ClInclude>
    <ClInclude Include="..\AutoPtr.h">
      <Filter>Header Files</Filter>
    </ClInclude>
    <ClInclude Include="..\Configurable.h">
      <Filter>Header Files</Filter>
    </ClInclude>
    <ClInclude Include="..\Core.h">
      <Filter>Header Files</Filter>
    </ClInclude>
    <ClInclude Include="..\Core_Event.h">
      <Filter>Header Files</Filter>
    </ClInclude>
    <ClInclude Include="..\Core_Mutex.h">
      <Filter>Header Files</Filter>
    </ClInclude>
    <ClInclude Include="..\Core_Thread.h">
      <Filter>Header Files</Filter>
    </ClInclude>
    <ClInclude Include="..\Core_ThreadPool.h">
      <Filter>Header Files</Filter>
    </ClInclude>
    <ClInclude Include="..\CoreInc.h">
      <Filter>Header Files</Filter>
    </ClInclude>
    <ClInclude Include="..\Data.h">
      <Filter>Header Files</Filter>
    </ClInclude>
    <ClInclude Include="..\DatagramSocket.h">
      <Filter>Header Files</Filter>
    </ClInclude>
    <ClInclude Include="..\DatagramSocketImpl.h">
      <Filter>Header Files</Filter>
    </ClInclude>
    <ClInclude Include="..\DateTime.h">
      <Filter>Header Files</Filter>
    </ClInclude>
    <ClInclude Include="..\Exception.h">
      <Filter>Header Files</Filter>
    </ClInclude>
    <ClInclude Include="..\ExceptionBase.h">
      <Filter>Header Files</Filter>
    </ClInclude>
    <ClInclude Include="..\Inifile.h">
      <Filter>Header Files</Filter>
    </ClInclude>
    <ClInclude Include="..\LogChannel.h">
      <Filter>Header Files</Filter>
    </ClInclude>
    <ClInclude Include="..\LogConsoleChannel.h">
      <Filter>Header Files</Filter>
    </ClInclude>
    <ClInclude Include="..\Logger.h">
      <Filter>Header Files</Filter>
    </ClInclude>
    <ClInclude Include="..\NetEventHandler.h">
      <Filter>Header Files</Filter>
    </ClInclude>
    <ClInclude Include="..\ProtocolData.h">
      <Filter>Header Files</Filter>
    </ClInclude>
    <ClInclude Include="..\Random.h">
      <Filter>Header Files</Filter>
    </ClInclude>
    <ClInclude Include="..\Reactor.h">
      <Filter>Header Files</Filter>
    </ClInclude>
    <ClInclude Include="..\RefCountedObject.h">
      <Filter>Header Files</Filter>
    </ClInclude>
    <ClInclude Include="..\Runnable.h">
      <Filter>Header Files</Filter>
    </ClInclude>
    <ClInclude Include="..\ScopedLock.h">
      <Filter>Header Files</Filter>
    </ClInclude>
    <ClInclude Include="..\SingletonHolder.h">
      <Filter>Header Files</Filter>
    </ClInclude>
    <ClInclude Include="..\Socket.h">
      <Filter>Header Files</Filter>
    </ClInclude>
    <ClInclude Include="..\SocketAddress.h">
      <Filter>Header Files</Filter>
    </ClInclude>
    <ClInclude Include="..\SocketImpl.h">
      <Filter>Header Files</Filter>
    </ClInclude>
    <ClInclude Include="..\SocketNotifier.h">
      <Filter>Header Files</Filter>
    </ClInclude>
    <ClInclude Include="..\SocketReactor.h">
      <Filter>Header Files</Filter>
    </ClInclude>
    <ClInclude Include="..\StreamSocket.h">
      <Filter>Header Files</Filter>
    </ClInclude>
    <ClInclude Include="..\StreamSocketImpl.h">
      <Filter>Header Files</Filter>
    </ClInclude>
    <ClInclude Include="..\StringTokenizer.h">
      <Filter>Header Files</Filter>
    </ClInclude>
    <ClInclude Include="..\TimeEventHandler.h">
      <Filter>Header Files</Filter>
    </ClInclude>
    <ClInclude Include="..\TimeNotifier.h">
      <Filter>Header Files</Filter>
    </ClInclude>
    <ClInclude Include="..\TimeReactor.h">
      <Filter>Header Files</Filter>
    </ClInclude>
    <ClInclude Include="..\Timespan.h">
      <Filter>Header Files</Filter>
    </ClInclude>
    <ClInclude Include="..\Timestamp.h">
      <Filter>Header Files</Filter>
    </ClInclude>
    <ClInclude Include="..\tinystr.h">
      <Filter>Header Files</Filter>
    </ClInclude>
    <ClInclude Include="..\tinyxml.h">
      <Filter>Header Files</Filter>
    </ClInclude>
    <ClInclude Include="..\Types.h">
      <Filter>Header Files</Filter>
    </ClInclude>
  </ItemGroup>
</Project>